
Microsoft Visual Studio Solution File, Format Version 12.00
# Visual Studio Version 16
VisualStudioVersion = 16.0.30717.126
MinimumVisualStudioVersion = 10.0.40219.1
Project("{FAE04EC0-301F-11D3-BF4B-00C04F79EFBC}") = "Calculator", "Calculator\Calculator.csproj", "{1B4F8EB5-A068-40D9-B2CB-55483B3D3049}"
EndProject
Project("{FAE04EC0-301F-11D3-BF4B-00C04F79EFBC}") = "Calculator.Tests", "Calculator.Tests\Calculator.Tests.csproj", "{57FF07E1-837C-4A33-BBEC-0436B670C4C5}"
EndProject
Global
	GlobalSection(SolutionConfigurationPlatforms) = preSolution
		Debug|Any CPU = Debug|Any CPU
		Debug|ARM = Debug|ARM
		Debug|ARM64 = Debug|ARM64
		Debug|x64 = Debug|x64
		Debug|x86 = Debug|x86
		Release|Any CPU = Release|Any CPU
		Release|ARM = Release|ARM
		Release|ARM64 = Release|ARM64
		Release|x64 = Release|x64
		Release|x86 = Release|x86
	EndGlobalSection
	GlobalSection(ProjectConfigurationPlatforms) = postSolution
		{1B4F8EB5-A068-40D9-B2CB-55483B3D3049}.Debug|Any CPU.ActiveCfg = Debug|Any CPU
		{1B4F8EB5-A068-40D9-B2CB-55483B3D3049}.Debug|Any CPU.Build.0 = Debug|Any CPU
		{1B4F8EB5-A068-40D9-B2CB-55483B3D3049}.Debug|ARM.ActiveCfg = Debug|Any CPU
		{1B4F8EB5-A068-40D9-B2CB-55483B3D3049}.Debug|ARM.Build.0 = Debug|Any CPU
		{1B4F8EB5-A068-40D9-B2CB-55483B3D3049}.Debug|ARM64.ActiveCfg = Debug|Any CPU
		{1B4F8EB5-A068-40D9-B2CB-55483B3D3049}.Debug|ARM64.Build.0 = Debug|Any CPU
		{1B4F8EB5-A068-40D9-B2CB-55483B3D3049}.Debug|x64.ActiveCfg = Debug|Any CPU
		{1B4F8EB5-A068-40D9-B2CB-55483B3D3049}.Debug|x64.Build.0 = Debug|Any CPU
		{1B4F8EB5-A068-40D9-B2CB-55483B3D3049}.Debug|x86.ActiveCfg = Debug|x86
		{1B4F8EB5-A068-40D9-B2CB-55483B3D3049}.Debug|x86.Build.0 = Debug|x86
		{1B4F8EB5-A068-40D9-B2CB-55483B3D3049}.Release|Any CPU.ActiveCfg = Release|Any CPU
		{1B4F8EB5-A068-40D9-B2CB-55483B3D3049}.Release|Any CPU.Build.0 = Release|Any CPU
		{1B4F8EB5-A068-40D9-B2CB-55483B3D3049}.Release|ARM.ActiveCfg = Release|Any CPU
		{1B4F8EB5-A068-40D9-B2CB-55483B3D3049}.Release|ARM.Build.0 = Release|Any CPU
		{1B4F8EB5-A068-40D9-B2CB-55483B3D3049}.Release|ARM64.ActiveCfg = Release|Any CPU
		{1B4F8EB5-A068-40D9-B2CB-55483B3D3049}.Release|ARM64.Build.0 = Release|Any CPU
		{1B4F8EB5-A068-40D9-B2CB-55483B3D3049}.Release|x64.ActiveCfg = Release|Any CPU
		{1B4F8EB5-A068-40D9-B2CB-55483B3D3049}.Release|x64.Build.0 = Release|Any CPU
		{1B4F8EB5-A068-40D9-B2CB-55483B3D3049}.Release|x86.ActiveCfg = Release|Any CPU
		{1B4F8EB5-A068-40D9-B2CB-55483B3D3049}.Release|x86.Build.0 = Release|Any CPU
		{57FF07E1-837C-4A33-BBEC-0436B670C4C5}.Debug|Any CPU.ActiveCfg = Debug|Any CPU
		{57FF07E1-837C-4A33-BBEC-0436B670C4C5}.Debug|Any CPU.Build.0 = Debug|Any CPU
		{57FF07E1-837C-4A33-BBEC-0436B670C4C5}.Debug|ARM.ActiveCfg = Debug|Any CPU
		{57FF07E1-837C-4A33-BBEC-0436B670C4C5}.Debug|ARM.Build.0 = Debug|Any CPU
		{57FF07E1-837C-4A33-BBEC-0436B670C4C5}.Debug|ARM64.ActiveCfg = Debug|Any CPU
		{57FF07E1-837C-4A33-BBEC-0436B670C4C5}.Debug|ARM64.Build.0 = Debug|Any CPU
		{57FF07E1-837C-4A33-BBEC-0436B670C4C5}.Debug|x64.ActiveCfg = Debug|Any CPU
		{57FF07E1-837C-4A33-BBEC-0436B670C4C5}.Debug|x64.Build.0 = Debug|Any CPU
		{57FF07E1-837C-4A33-BBEC-0436B670C4C5}.Debug|x86.ActiveCfg = Debug|x86
		{57FF07E1-837C-4A33-BBEC-0436B670C4C5}.Debug|x86.Build.0 = Debug|x86
		{57FF07E1-837C-4A33-BBEC-0436B670C4C5}.Release|Any CPU.ActiveCfg = Release|Any CPU
		{57FF07E1-837C-4A33-BBEC-0436B670C4C5}.Release|Any CPU.Build.0 = Release|Any CPU
		{57FF07E1-837C-4A33-BBEC-0436B670C4C5}.Release|ARM.ActiveCfg = Release|Any CPU
		{57FF07E1-837C-4A33-BBEC-0436B670C4C5}.Release|ARM.Build.0 = Release|Any CPU
		{57FF07E1-837C-4A33-BBEC-0436B670C4C5}.Release|ARM64.ActiveCfg = Release|Any CPU
		{57FF07E1-837C-4A33-BBEC-0436B670C4C5}.Release|ARM64.Build.0 = Release|Any CPU
		{57FF07E1-837C-4A33-BBEC-0436B670C4C5}.Release|x64.ActiveCfg = Release|Any CPU
		{57FF07E1-837C-4A33-BBEC-0436B670C4C5}.Release|x64.Build.0 = Release|Any CPU
		{57FF07E1-837C-4A33-BBEC-0436B670C4C5}.Release|x86.ActiveCfg = Release|Any CPU
		{57FF07E1-837C-4A33-BBEC-0436B670C4C5}.Release|x86.Build.0 = Release|Any CPU
	EndGlobalSection
	GlobalSection(SolutionProperties) = preSolution
		HideSolutionNode = FALSE
	EndGlobalSection
	GlobalSection(ExtensibilityGlobals) = postSolution
		SolutionGuid = {78373E97-B401-449A-A4CE-0F3742D22AA1}
	EndGlobalSection
EndGlobal
